
Microsoft Visual Studio Solution File, Format Version 12.00
# Visual Studio Version 17
VisualStudioVersion = 17.0.31903.59
MinimumVisualStudioVersion = 10.0.40219.1
Project("{FAE04EC0-301F-11D3-BF4B-00C04F79EFBC}") = "ClassLibrary1", "ClassLibrary1\ClassLibrary1.csproj", "{5BBD8F6E-0FF0-4130-95C7-D2FD6E78C850}"
EndProject
Project("{FAE04EC0-301F-11D3-BF4B-00C04F79EFBC}") = "Repro", "Repro\Repro.csproj", "{527B8EEC-B5AE-4ECF-BFF5-D56EA6974ABB}"
EndProject
Global
	GlobalSection(SolutionConfigurationPlatforms) = preSolution
		Debug|Any CPU = Debug|Any CPU
		Release|Any CPU = Release|Any CPU
	EndGlobalSection
	GlobalSection(ProjectConfigurationPlatforms) = postSolution
		{5BBD8F6E-0FF0-4130-95C7-D2FD6E78C850}.Debug|Any CPU.ActiveCfg = Debug|Any CPU
		{5BBD8F6E-0FF0-4130-95C7-D2FD6E78C850}.Debug|Any CPU.Build.0 = Debug|Any CPU
		{5BBD8F6E-0FF0-4130-95C7-D2FD6E78C850}.Release|Any CPU.ActiveCfg = Release|Any CPU
		{5BBD8F6E-0FF0-4130-95C7-D2FD6E78C850}.Release|Any CPU.Build.0 = Release|Any CPU
		{527B8EEC-B5AE-4ECF-BFF5-D56EA6974ABB}.Debug|Any CPU.ActiveCfg = Debug|Any CPU
		{527B8EEC-B5AE-4ECF-BFF5-D56EA6974ABB}.Debug|Any CPU.Build.0 = Debug|Any CPU
		{527B8EEC-B5AE-4ECF-BFF5-D56EA6974ABB}.Release|Any CPU.ActiveCfg = Release|Any CPU
		{527B8EEC-B5AE-4ECF-BFF5-D56EA6974ABB}.Release|Any CPU.Build.0 = Release|Any CPU
	EndGlobalSection
	GlobalSection(SolutionProperties) = preSolution
		HideSolutionNode = FALSE
	EndGlobalSection
	GlobalSection(ExtensibilityGlobals) = postSolution
		SolutionGuid = {7F6A872D-A1C9-404E-A91C-8328E15A24C2}
	EndGlobalSection
EndGlobal
